// !$*UTF8*$!
{
	archiveVersion = 1;
	classes = {
	};
	objectVersion = 56;
	objects = {

/* Begin PBXBuildFile section */
		FB9C1A5A4D247DAED7D3DC7D /* ShiftAlarmMobileApp.swift in Sources */ = {isa = PBXBuildFile; fileRef = 5510D704104578ADA17C33D8 /* ShiftAlarmMobileApp.swift */; };
		A4EA24112A517FC59B4BD890 /* ContentView.swift in Sources */ = {isa = PBXBuildFile; fileRef = 797247A94A0C2A77E1BDFDEE /* ContentView.swift */; };
		95C9184C3E703423099DF2BF /* SettingsView.swift in Sources */ = {isa = PBXBuildFile; fileRef = 02F2021DD075AA7DC25EE89D /* SettingsView.swift */; };
		2C2BEF2822C8F01D72147130 /* ScheduleStore.swift in Sources */ = {isa = PBXBuildFile; fileRef = D1F7A8E1B90B9689CCF61662 /* ScheduleStore.swift */; };
		0A82DA3BF03AB7061E1FF585 /* AppSettings.swift in Sources */ = {isa = PBXBuildFile; fileRef = BEF27ADCF7F01753A2F8B7E3 /* AppSettings.swift */; };
		AE6D9BB899A16BA464270DF2 /* NotificationScheduler.swift in Sources */ = {isa = PBXBuildFile; fileRef = 98A0B64ADA499C0E7C62DC54 /* NotificationScheduler.swift */; };
		89A58073EB3D8F02788380C4 /* Assets.xcassets in Resources */ = {isa = PBXBuildFile; fileRef = 3ED3914D9636D6B20AE251F9 /* Assets.xcassets */; };
		53404CDE9017C7E5B5765F25 /* d_team_schedule_2026.json in Resources */ = {isa = PBXBuildFile; fileRef = A0F5B9F51109D687A6D958A0 /* d_team_schedule_2026.json */; };
/* End PBXBuildFile section */

/* Begin PBXFileReference section */
		73716042CB864DD2D4BA5FD7 /* ShiftAlarmMobile.app */ = {isa = PBXFileReference; explicitFileType = wrapper.application; includeInIndex = 0; path = ShiftAlarmMobile.app; sourceTree = BUILT_PRODUCTS_DIR; };
		5510D704104578ADA17C33D8 /* ShiftAlarmMobileApp.swift */ = {isa = PBXFileReference; lastKnownFileType = sourcecode.swift; path = ShiftAlarmMobileApp.swift; sourceTree = "<group>"; };
		797247A94A0C2A77E1BDFDEE /* ContentView.swift */ = {isa = PBXFileReference; lastKnownFileType = sourcecode.swift; path = ContentView.swift; sourceTree = "<group>"; };
		02F2021DD075AA7DC25EE89D /* SettingsView.swift */ = {isa = PBXFileReference; lastKnownFileType = sourcecode.swift; path = SettingsView.swift; sourceTree = "<group>"; };
		D1F7A8E1B90B9689CCF61662 /* ScheduleStore.swift */ = {isa = PBXFileReference; lastKnownFileType = sourcecode.swift; path = ScheduleStore.swift; sourceTree = "<group>"; };
		BEF27ADCF7F01753A2F8B7E3 /* AppSettings.swift */ = {isa = PBXFileReference; lastKnownFileType = sourcecode.swift; path = AppSettings.swift; sourceTree = "<group>"; };
		98A0B64ADA499C0E7C62DC54 /* NotificationScheduler.swift */ = {isa = PBXFileReference; lastKnownFileType = sourcecode.swift; path = NotificationScheduler.swift; sourceTree = "<group>"; };
		3ED3914D9636D6B20AE251F9 /* Assets.xcassets */ = {isa = PBXFileReference; lastKnownFileType = folder.assetcatalog; path = Assets.xcassets; sourceTree = "<group>"; };
		A0F5B9F51109D687A6D958A0 /* d_team_schedule_2026.json */ = {isa = PBXFileReference; lastKnownFileType = text.json; path = d_team_schedule_2026.json; sourceTree = "<group>"; };
/* End PBXFileReference section */

/* Begin PBXFrameworksBuildPhase section */
		C4DFC6E42E0567F8037AF5EC /* Frameworks */ = {
			isa = PBXFrameworksBuildPhase;
			buildActionMask = 2147483647;
			files = (
			);
			runOnlyForDeploymentPostprocessing = 0;
		};
/* End PBXFrameworksBuildPhase section */

/* Begin PBXGroup section */
		A8BF57CA0651BA375CE254E5 = {
			isa = PBXGroup;
			children = (
				22B94F1A5F17479BC3F422B2 /* ShiftAlarmMobile */,
				15446A598B8B6BA54F4C5D83 /* Products */,
			);
			sourceTree = "<group>";
		};
		15446A598B8B6BA54F4C5D83 /* Products */ = {
			isa = PBXGroup;
			children = (
				73716042CB864DD2D4BA5FD7 /* ShiftAlarmMobile.app */,
			);
			name = Products;
			sourceTree = "<group>";
		};
		22B94F1A5F17479BC3F422B2 /* ShiftAlarmMobile */ = {
			isa = PBXGroup;
			children = (
				5510D704104578ADA17C33D8 /* ShiftAlarmMobileApp.swift */,
				797247A94A0C2A77E1BDFDEE /* ContentView.swift */,
				02F2021DD075AA7DC25EE89D /* SettingsView.swift */,
				D1F7A8E1B90B9689CCF61662 /* ScheduleStore.swift */,
				BEF27ADCF7F01753A2F8B7E3 /* AppSettings.swift */,
				98A0B64ADA499C0E7C62DC54 /* NotificationScheduler.swift */,
				A0F5B9F51109D687A6D958A0 /* d_team_schedule_2026.json */,
				3ED3914D9636D6B20AE251F9 /* Assets.xcassets */,
			);
			path = ShiftAlarmMobile;
			sourceTree = "<group>";
		};
/* End PBXGroup section */

/* Begin PBXNativeTarget section */
		A6381B2C156CA0E4DDD8BDE3 /* ShiftAlarmMobile */ = {
			isa = PBXNativeTarget;
			buildConfigurationList = 14D26FCFA1196648B7EA9C32 /* Build configuration list for PBXNativeTarget "ShiftAlarmMobile" */;
			buildPhases = (
				17A4A42450A2AE7C70DE80F0 /* Sources */,
				C4DFC6E42E0567F8037AF5EC /* Frameworks */,
				7B95693995AE27613AC23713 /* Resources */,
			);
			buildRules = (
			);
			dependencies = (
			);
			name = ShiftAlarmMobile;
			productName = ShiftAlarmMobile;
			productReference = 73716042CB864DD2D4BA5FD7 /* ShiftAlarmMobile.app */;
			productType = "com.apple.product-type.application";
		};
/* End PBXNativeTarget section */

/* Begin PBXProject section */
		D9AC447D86FB049A017D16E3 /* Project object */ = {
			isa = PBXProject;
			attributes = {
				BuildIndependentTargetsInParallel = 1;
				LastSwiftUpdateCheck = 1540;
				LastUpgradeCheck = 1540;
				TargetAttributes = {
					A6381B2C156CA0E4DDD8BDE3 = {
						CreatedOnToolsVersion = 15.4;
					};
				};
			};
			buildConfigurationList = AF95C553B7E1722FD1EE5C78 /* Build configuration list for PBXProject "ShiftAlarmMobile" */;
			compatibilityVersion = "Xcode 14.0";
			developmentRegion = en;
			hasScannedForEncodings = 0;
			knownRegions = (
				en,
				Base,
			);
			mainGroup = A8BF57CA0651BA375CE254E5;
			productRefGroup = 15446A598B8B6BA54F4C5D83 /* Products */;
			projectDirPath = "";
			projectRoot = "";
			targets = (
				A6381B2C156CA0E4DDD8BDE3 /* ShiftAlarmMobile */,
			);
		};
/* End PBXProject section */

/* Begin PBXResourcesBuildPhase section */
		7B95693995AE27613AC23713 /* Resources */ = {
			isa = PBXResourcesBuildPhase;
			buildActionMask = 2147483647;
			files = (
				89A58073EB3D8F02788380C4 /* Assets.xcassets in Resources */,
				53404CDE9017C7E5B5765F25 /* d_team_schedule_2026.json in Resources */,
			);
			runOnlyForDeploymentPostprocessing = 0;
		};
/* End PBXResourcesBuildPhase section */

/* Begin PBXSourcesBuildPhase section */
		17A4A42450A2AE7C70DE80F0 /* Sources */ = {
			isa = PBXSourcesBuildPhase;
			buildActionMask = 2147483647;
			files = (
				A4EA24112A517FC59B4BD890 /* ContentView.swift in Sources */,
				FB9C1A5A4D247DAED7D3DC7D /* ShiftAlarmMobileApp.swift in Sources */,
				95C9184C3E703423099DF2BF /* SettingsView.swift in Sources */,
				2C2BEF2822C8F01D72147130 /* ScheduleStore.swift in Sources */,
				0A82DA3BF03AB7061E1FF585 /* AppSettings.swift in Sources */,
				AE6D9BB899A16BA464270DF2 /* NotificationScheduler.swift in Sources */,
			);
			runOnlyForDeploymentPostprocessing = 0;
		};
/* End PBXSourcesBuildPhase section */

/* Begin XCBuildConfiguration section */
		13694918552E86D176F55E3B /* Debug */ = {
			isa = XCBuildConfiguration;
			buildSettings = {
				ALWAYS_SEARCH_USER_PATHS = NO;
				ASSETCATALOG_COMPILER_GENERATE_SWIFT_ASSET_SYMBOL_EXTENSIONS = YES;
				CLANG_ANALYZER_NONNULL = YES;
				CLANG_ANALYZER_NUMBER_OBJECT_CONVERSION = YES_AGGRESSIVE;
				CLANG_CXX_LANGUAGE_STANDARD = "gnu++20";
				CLANG_ENABLE_MODULES = YES;
				CLANG_ENABLE_OBJC_ARC = YES;
				CLANG_ENABLE_OBJC_WEAK = YES;
				CLANG_WARN_BLOCK_CAPTURE_AUTORELEASING = YES;
				CLANG_WARN_BOOL_CONVERSION = YES;
				CLANG_WARN_COMMA = YES;
				CLANG_WARN_CONSTANT_CONVERSION = YES;
				CLANG_WARN_DEPRECATED_OBJC_IMPLEMENTATIONS = YES;
				CLANG_WARN_DIRECT_OBJC_ISA_USAGE = YES_ERROR;
				CLANG_WARN_DOCUMENTATION_COMMENTS = YES;
				CLANG_WARN_EMPTY_BODY = YES;
				CLANG_WARN_ENUM_CONVERSION = YES;
				CLANG_WARN_INFINITE_RECURSION = YES;
				CLANG_WARN_INT_CONVERSION = YES;
				CLANG_WARN_NON_LITERAL_NULL_CONVERSION = YES;
				CLANG_WARN_OBJC_IMPLICIT_RETAIN_SELF = YES;
				CLANG_WARN_OBJC_LITERAL_CONVERSION = YES;
				CLANG_WARN_OBJC_ROOT_CLASS = YES_ERROR;
				CLANG_WARN_QUOTED_INCLUDE_IN_FRAMEWORK_HEADER = YES;
				CLANG_WARN_RANGE_LOOP_ANALYSIS = YES;
				CLANG_WARN_STRICT_PROTOTYPES = YES;
				CLANG_WARN_SUSPICIOUS_MOVE = YES;
				CLANG_WARN_UNGUARDED_AVAILABILITY = YES_AGGRESSIVE;
				CLANG_WARN_UNREACHABLE_CODE = YES;
				CLANG_WARN__DUPLICATE_METHOD_MATCH = YES;
				COPY_PHASE_STRIP = NO;
				DEBUG_INFORMATION_FORMAT = dwarf;
				ENABLE_STRICT_OBJC_MSGSEND = YES;
				ENABLE_TESTABILITY = YES;
				ENABLE_USER_SCRIPT_SANDBOXING = YES;
				GCC_C_LANGUAGE_STANDARD = gnu17;
				GCC_DYNAMIC_NO_PIC = NO;
				GCC_NO_COMMON_BLOCKS = YES;
				GCC_OPTIMIZATION_LEVEL = 0;
				GCC_PREPROCESSOR_DEFINITIONS = (
					"DEBUG=1",
					"$(inherited)",
				);
				GCC_WARN_64_TO_32_BIT_CONVERSION = YES;
				GCC_WARN_ABOUT_RETURN_TYPE = YES_ERROR;
				GCC_WARN_UNDECLARED_SELECTOR = YES;
				GCC_WARN_UNINITIALIZED_AUTOS = YES_AGGRESSIVE;
				GCC_WARN_UNUSED_FUNCTION = YES;
				GCC_WARN_UNUSED_VARIABLE = YES;
				IPHONEOS_DEPLOYMENT_TARGET = 17.0;
				LOCALIZATION_PREFERS_STRING_CATALOGS = YES;
				MTL_ENABLE_DEBUG_INFO = INCLUDE_SOURCE;
				MTL_FAST_MATH = YES;
				ONLY_ACTIVE_ARCH = YES;
				SDKROOT = iphoneos;
				SWIFT_ACTIVE_COMPILATION_CONDITIONS = "DEBUG $(inherited)";
				SWIFT_OPTIMIZATION_LEVEL = "-Onone";
			};
			name = Debug;
		};
		B4BFBF533E63C88238E3B79D /* Release */ = {
			isa = XCBuildConfiguration;
			buildSettings = {
				ALWAYS_SEARCH_USER_PATHS = NO;
				ASSETCATALOG_COMPILER_GENERATE_SWIFT_ASSET_SYMBOL_EXTENSIONS = YES;
				CLANG_ANALYZER_NONNULL = YES;
				CLANG_ANALYZER_NUMBER_OBJECT_CONVERSION = YES_AGGRESSIVE;
				CLANG_CXX_LANGUAGE_STANDARD = "gnu++20";
				CLANG_ENABLE_MODULES = YES;
				CLANG_ENABLE_OBJC_ARC = YES;
				CLANG_ENABLE_OBJC_WEAK = YES;
				CLANG_WARN_BLOCK_CAPTURE_AUTORELEASING = YES;
				CLANG_WARN_BOOL_CONVERSION = YES;
				CLANG_WARN_COMMA = YES;
				CLANG_WARN_CONSTANT_CONVERSION = YES;
				CLANG_WARN_DEPRECATED_OBJC_IMPLEMENTATIONS = YES;
				CLANG_WARN_DIRECT_OBJC_ISA_USAGE = YES_ERROR;
				CLANG_WARN_DOCUMENTATION_COMMENTS = YES;
				CLANG_WARN_EMPTY_BODY = YES;
				CLANG_WARN_ENUM_CONVERSION = YES;
				CLANG_WARN_INFINITE_RECURSION = YES;
				CLANG_WARN_INT_CONVERSION = YES;
				CLANG_WARN_NON_LITERAL_NULL_CONVERSION = YES;
				CLANG_WARN_OBJC_IMPLICIT_RETAIN_SELF = YES;
				CLANG_WARN_OBJC_LITERAL_CONVERSION = YES;
				CLANG_WARN_OBJC_ROOT_CLASS = YES_ERROR;
				CLANG_WARN_QUOTED_INCLUDE_IN_FRAMEWORK_HEADER = YES;
				CLANG_WARN_RANGE_LOOP_ANALYSIS = YES;
				CLANG_WARN_STRICT_PROTOTYPES = YES;
				CLANG_WARN_SUSPICIOUS_MOVE = YES;
				CLANG_WARN_UNGUARDED_AVAILABILITY = YES_AGGRESSIVE;
				CLANG_WARN_UNREACHABLE_CODE = YES;
				CLANG_WARN__DUPLICATE_METHOD_MATCH = YES;
				COPY_PHASE_STRIP = NO;
				DEBUG_INFORMATION_FORMAT = "dwarf-with-dsym";
				ENABLE_NS_ASSERTIONS = NO;
				ENABLE_STRICT_OBJC_MSGSEND = YES;
				ENABLE_USER_SCRIPT_SANDBOXING = YES;
				GCC_C_LANGUAGE_STANDARD = gnu17;
				GCC_NO_COMMON_BLOCKS = YES;
				GCC_WARN_64_TO_32_BIT_CONVERSION = YES;
				GCC_WARN_ABOUT_RETURN_TYPE = YES_ERROR;
				GCC_WARN_UNDECLARED_SELECTOR = YES;
				GCC_WARN_UNINITIALIZED_AUTOS = YES_AGGRESSIVE;
				GCC_WARN_UNUSED_FUNCTION = YES;
				GCC_WARN_UNUSED_VARIABLE = YES;
				IPHONEOS_DEPLOYMENT_TARGET = 17.0;
				LOCALIZATION_PREFERS_STRING_CATALOGS = YES;
				MTL_ENABLE_DEBUG_INFO = NO;
				MTL_FAST_MATH = YES;
				SDKROOT = iphoneos;
				SWIFT_COMPILATION_MODE = wholemodule;
			};
			name = Release;
		};
		7DB455CB0897D3C400676D21 /* Debug */ = {
			isa = XCBuildConfiguration;
			buildSettings = {
				ASSETCATALOG_COMPILER_APPICON_NAME = AppIcon;
				ASSETCATALOG_COMPILER_GLOBAL_ACCENT_COLOR_NAME = AccentColor;
				CODE_SIGN_STYLE = Automatic;
				CURRENT_PROJECT_VERSION = 1;
				DEVELOPMENT_TEAM = ATM2B7QCY2;
				ENABLE_PREVIEWS = YES;
				GENERATE_INFOPLIST_FILE = YES;
				INFOPLIST_KEY_UIApplicationSceneManifest_Generation = YES;
				INFOPLIST_KEY_UIApplicationSupportsIndirectInputEvents = YES;
				INFOPLIST_KEY_UILaunchScreen_Generation = YES;
				INFOPLIST_KEY_UIStatusBarStyle = UIStatusBarStyleDefault;
				INFOPLIST_KEY_UISupportedInterfaceOrientations_iPad = "UIInterfaceOrientationPortrait UIInterfaceOrientationPortraitUpsideDown UIInterfaceOrientationLandscapeLeft UIInterfaceOrientationLandscapeRight";
				INFOPLIST_KEY_UISupportedInterfaceOrientations_iPhone = "UIInterfaceOrientationPortrait UIInterfaceOrientationLandscapeLeft UIInterfaceOrientationLandscapeRight";
				IPHONEOS_DEPLOYMENT_TARGET = 17.0;
				LD_RUNPATH_SEARCH_PATHS = "@executable_path/Frameworks";
				MARKETING_VERSION = 1.0;
				PRODUCT_BUNDLE_IDENTIFIER = "Forrest.shift-alarm-mobile";
				PRODUCT_NAME = "$(TARGET_NAME)";
				SDKROOT = iphoneos;
				SUPPORTED_PLATFORMS = "iphoneos iphonesimulator";
				SWIFT_EMIT_LOC_STRINGS = YES;
				SWIFT_VERSION = 5.0;
				TARGETED_DEVICE_FAMILY = "1,2";
			};
			name = Debug;
		};
		C31C79176D10CFBF10F46903 /* Release */ = {
			isa = XCBuildConfiguration;
			buildSettings = {
				ASSETCATALOG_COMPILER_APPICON_NAME = AppIcon;
				ASSETCATALOG_COMPILER_GLOBAL_ACCENT_COLOR_NAME = AccentColor;
				CODE_SIGN_STYLE = Automatic;
				CURRENT_PROJECT_VERSION = 1;
				DEVELOPMENT_TEAM = ATM2B7QCY2;
				ENABLE_PREVIEWS = YES;
				GENERATE_INFOPLIST_FILE = YES;
				INFOPLIST_KEY_UIApplicationSceneManifest_Generation = YES;
				INFOPLIST_KEY_UIApplicationSupportsIndirectInputEvents = YES;
				INFOPLIST_KEY_UILaunchScreen_Generation = YES;
				INFOPLIST_KEY_UIStatusBarStyle = UIStatusBarStyleDefault;
				INFOPLIST_KEY_UISupportedInterfaceOrientations_iPad = "UIInterfaceOrientationPortrait UIInterfaceOrientationPortraitUpsideDown UIInterfaceOrientationLandscapeLeft UIInterfaceOrientationLandscapeRight";
				INFOPLIST_KEY_UISupportedInterfaceOrientations_iPhone = "UIInterfaceOrientationPortrait UIInterfaceOrientationLandscapeLeft UIInterfaceOrientationLandscapeRight";
				IPHONEOS_DEPLOYMENT_TARGET = 17.0;
				LD_RUNPATH_SEARCH_PATHS = "@executable_path/Frameworks";
				MARKETING_VERSION = 1.0;
				PRODUCT_BUNDLE_IDENTIFIER = "Forrest.shift-alarm-mobile";
				PRODUCT_NAME = "$(TARGET_NAME)";
				SDKROOT = iphoneos;
				SUPPORTED_PLATFORMS = "iphoneos iphonesimulator";
				SWIFT_EMIT_LOC_STRINGS = YES;
				SWIFT_VERSION = 5.0;
				TARGETED_DEVICE_FAMILY = "1,2";
			};
			name = Release;
		};
/* End XCBuildConfiguration section */

/* Begin XCConfigurationList section */
		AF95C553B7E1722FD1EE5C78 /* Build configuration list for PBXProject "ShiftAlarmMobile" */ = {
			isa = XCConfigurationList;
			buildConfigurations = (
				13694918552E86D176F55E3B /* Debug */,
				B4BFBF533E63C88238E3B79D /* Release */,
			);
			defaultConfigurationIsVisible = 0;
			defaultConfigurationName = Release;
		};
		14D26FCFA1196648B7EA9C32 /* Build configuration list for PBXNativeTarget "ShiftAlarmMobile" */ = {
			isa = XCConfigurationList;
			buildConfigurations = (
				7DB455CB0897D3C400676D21 /* Debug */,
				C31C79176D10CFBF10F46903 /* Release */,
			);
			defaultConfigurationIsVisible = 0;
			defaultConfigurationName = Release;
		};
/* End XCConfigurationList section */
	};
	rootObject = D9AC447D86FB049A017D16E3 /* Project object */;
}
